# This file is automatically @generated by Cargo.
# It is not intended for manual editing.
version = 3

[[package]]
name = "pbh-btn"
version = "0.1.0"
dependencies = [
 "pbh-domain",
]

[[package]]
name = "pbh-config"
version = "0.1.0"
dependencies = [
 "pbh-domain",
]

[[package]]
name = "pbh-domain"
version = "0.1.0"

[[package]]
name = "pbh-downloader"
version = "0.1.0"
dependencies = [
 "pbh-domain",
]

[[package]]
name = "pbh-engine"
version = "0.1.0"
dependencies = [
 "pbh-domain",
]

[[package]]
name = "pbh-geoip"
version = "0.1.0"

[[package]]
name = "pbh-rules"
version = "0.1.0"
dependencies = [
 "pbh-domain",
]

[[package]]
name = "pbh-server"
version = "0.1.0"
dependencies = [
 "pbh-btn",
 "pbh-config",
 "pbh-domain",
 "pbh-downloader",
 "pbh-engine",
 "pbh-geoip",
 "pbh-rules",
 "pbh-storage",
 "pbh-web",
]

[[package]]
name = "pbh-storage"
version = "0.1.0"
dependencies = [
 "pbh-domain",
]

[[package]]
name = "pbh-web"
version = "0.1.0"
